// !$*UTF8*$!
{
	archiveVersion = 1;
	classes = {
	};
	objectVersion = 46;
	objects = {

/* Begin PBXBuildFile section */
		281B9D06552888A795346A2B /* libPods-FASHION.a in Frameworks */ = {isa = PBXBuildFile; fileRef = A45D141670EC6B2D26CE3425 /* libPods-FASHION.a */; };
		7035D0B91D9CB3B4008C1FD1 /* main.m in Sources */ = {isa = PBXBuildFile; fileRef = 7035D0B81D9CB3B4008C1FD1 /* main.m */; };
		7035D0BC1D9CB3B4008C1FD1 /* AppDelegate.m in Sources */ = {isa = PBXBuildFile; fileRef = 7035D0BB1D9CB3B4008C1FD1 /* AppDelegate.m */; };
		7035D0BF1D9CB3B4008C1FD1 /* ViewController.m in Sources */ = {isa = PBXBuildFile; fileRef = 7035D0BE1D9CB3B4008C1FD1 /* ViewController.m */; };
		7035D0C21D9CB3B5008C1FD1 /* Main.storyboard in Resources */ = {isa = PBXBuildFile; fileRef = 7035D0C01D9CB3B5008C1FD1 /* Main.storyboard */; };
		7035D0C41D9CB3B5008C1FD1 /* Assets.xcassets in Resources */ = {isa = PBXBuildFile; fileRef = 7035D0C31D9CB3B5008C1FD1 /* Assets.xcassets */; };
		7035D0C71D9CB3B5008C1FD1 /* LaunchScreen.storyboard in Resources */ = {isa = PBXBuildFile; fileRef = 7035D0C51D9CB3B5008C1FD1 /* LaunchScreen.storyboard */; };
		7035D0D21D9CB3B5008C1FD1 /* FASHIONTests.m in Sources */ = {isa = PBXBuildFile; fileRef = 7035D0D11D9CB3B5008C1FD1 /* FASHIONTests.m */; };
		7035D0DD1D9CB3B5008C1FD1 /* FASHIONUITests.m in Sources */ = {isa = PBXBuildFile; fileRef = 7035D0DC1D9CB3B5008C1FD1 /* FASHIONUITests.m */; };
		7035D0EC1D9CB849008C1FD1 /* mainMapViewController.m in Sources */ = {isa = PBXBuildFile; fileRef = 7035D0EB1D9CB849008C1FD1 /* mainMapViewController.m */; };
		7035D0EF1D9CB873008C1FD1 /* stoneDetailViewController.m in Sources */ = {isa = PBXBuildFile; fileRef = 7035D0EE1D9CB873008C1FD1 /* stoneDetailViewController.m */; };
		7035D0F21D9CB886008C1FD1 /* shareViewController.m in Sources */ = {isa = PBXBuildFile; fileRef = 7035D0F11D9CB886008C1FD1 /* shareViewController.m */; };
		7035D0F51D9CB895008C1FD1 /* myCollectionViewController.m in Sources */ = {isa = PBXBuildFile; fileRef = 7035D0F41D9CB895008C1FD1 /* myCollectionViewController.m */; };
		7035D0FA1D9CC5FE008C1FD1 /* Podfile in Resources */ = {isa = PBXBuildFile; fileRef = 7035D0F91D9CC5FE008C1FD1 /* Podfile */; };
		7035D1011D9E6A05008C1FD1 /* README.md in Sources */ = {isa = PBXBuildFile; fileRef = 7035D1001D9E6A05008C1FD1 /* README.md */; };
		70415C891DA144150032032B /* detailCell.xib in Resources */ = {isa = PBXBuildFile; fileRef = 70415C881DA144150032032B /* detailCell.xib */; };
		70415C8C1DA144950032032B /* detailCell.m in Sources */ = {isa = PBXBuildFile; fileRef = 70415C8B1DA144950032032B /* detailCell.m */; };
		70415C8E1DA147800032032B /* hello.png in Resources */ = {isa = PBXBuildFile; fileRef = 70415C8D1DA147800032032B /* hello.png */; };
/* End PBXBuildFile section */

/* Begin PBXContainerItemProxy section */
		7035D0CE1D9CB3B5008C1FD1 /* PBXContainerItemProxy */ = {
			isa = PBXContainerItemProxy;
			containerPortal = 7035D0AC1D9CB3B4008C1FD1 /* Project object */;
			proxyType = 1;
			remoteGlobalIDString = 7035D0B31D9CB3B4008C1FD1;
			remoteInfo = FASHION;
		};
		7035D0D91D9CB3B5008C1FD1 /* PBXContainerItemProxy */ = {
			isa = PBXContainerItemProxy;
			containerPortal = 7035D0AC1D9CB3B4008C1FD1 /* Project object */;
			proxyType = 1;
			remoteGlobalIDString = 7035D0B31D9CB3B4008C1FD1;
			remoteInfo = FASHION;
		};
/* End PBXContainerItemProxy section */

/* Begin PBXFileReference section */
		41C4E07B5FDDD889DE930287 /* Pods-FASHION.debug.xcconfig */ = {isa = PBXFileReference; includeInIndex = 1; lastKnownFileType = text.xcconfig; name = "Pods-FASHION.debug.xcconfig"; path = "Pods/Target Support Files/Pods-FASHION/Pods-FASHION.debug.xcconfig"; sourceTree = "<group>"; };
		7035D0B41D9CB3B4008C1FD1 /* FASHION.app */ = {isa = PBXFileReference; explicitFileType = wrapper.application; includeInIndex = 0; path = FASHION.app; sourceTree = BUILT_PRODUCTS_DIR; };
		7035D0B81D9CB3B4008C1FD1 /* main.m */ = {isa = PBXFileReference; lastKnownFileType = sourcecode.c.objc; path = main.m; sourceTree = "<group>"; };
		7035D0BA1D9CB3B4008C1FD1 /* AppDelegate.h */ = {isa = PBXFileReference; lastKnownFileType = sourcecode.c.h; path = AppDelegate.h; sourceTree = "<group>"; };
		7035D0BB1D9CB3B4008C1FD1 /* AppDelegate.m */ = {isa = PBXFileReference; lastKnownFileType = sourcecode.c.objc; path = AppDelegate.m; sourceTree = "<group>"; };
		7035D0BD1D9CB3B4008C1FD1 /* ViewController.h */ = {isa = PBXFileReference; lastKnownFileType = sourcecode.c.h; path = ViewController.h; sourceTree = "<group>"; };
		7035D0BE1D9CB3B4008C1FD1 /* ViewController.m */ = {isa = PBXFileReference; lastKnownFileType = sourcecode.c.objc; path = ViewController.m; sourceTree = "<group>"; };
		7035D0C11D9CB3B5008C1FD1 /* Base */ = {isa = PBXFileReference; lastKnownFileType = file.storyboard; name = Base; path = Base.lproj/Main.storyboard; sourceTree = "<group>"; };
		7035D0C31D9CB3B5008C1FD1 /* Assets.xcassets */ = {isa = PBXFileReference; lastKnownFileType = folder.assetcatalog; path = Assets.xcassets; sourceTree = "<group>"; };
		7035D0C61D9CB3B5008C1FD1 /* Base */ = {isa = PBXFileReference; lastKnownFileType = file.storyboard; name = Base; path = Base.lproj/LaunchScreen.storyboard; sourceTree = "<group>"; };
		7035D0C81D9CB3B5008C1FD1 /* Info.plist */ = {isa = PBXFileReference; lastKnownFileType = text.plist.xml; path = Info.plist; sourceTree = "<group>"; };
		7035D0CD1D9CB3B5008C1FD1 /* FASHIONTests.xctest */ = {isa = PBXFileReference; explicitFileType = wrapper.cfbundle; includeInIndex = 0; path = FASHIONTests.xctest; sourceTree = BUILT_PRODUCTS_DIR; };
		7035D0D11D9CB3B5008C1FD1 /* FASHIONTests.m */ = {isa = PBXFileReference; lastKnownFileType = sourcecode.c.objc; path = FASHIONTests.m; sourceTree = "<group>"; };
		7035D0D31D9CB3B5008C1FD1 /* Info.plist */ = {isa = PBXFileReference; lastKnownFileType = text.plist.xml; path = Info.plist; sourceTree = "<group>"; };
		7035D0D81D9CB3B5008C1FD1 /* FASHIONUITests.xctest */ = {isa = PBXFileReference; explicitFileType = wrapper.cfbundle; includeInIndex = 0; path = FASHIONUITests.xctest; sourceTree = BUILT_PRODUCTS_DIR; };
		7035D0DC1D9CB3B5008C1FD1 /* FASHIONUITests.m */ = {isa = PBXFileReference; lastKnownFileType = sourcecode.c.objc; path = FASHIONUITests.m; sourceTree = "<group>"; };
		7035D0DE1D9CB3B5008C1FD1 /* Info.plist */ = {isa = PBXFileReference; lastKnownFileType = text.plist.xml; path = Info.plist; sourceTree = "<group>"; };
		7035D0EA1D9CB849008C1FD1 /* mainMapViewController.h */ = {isa = PBXFileReference; fileEncoding = 4; lastKnownFileType = sourcecode.c.h; path = mainMapViewController.h; sourceTree = "<group>"; };
		7035D0EB1D9CB849008C1FD1 /* mainMapViewController.m */ = {isa = PBXFileReference; fileEncoding = 4; lastKnownFileType = sourcecode.c.objc; path = mainMapViewController.m; sourceTree = "<group>"; };
		7035D0ED1D9CB873008C1FD1 /* stoneDetailViewController.h */ = {isa = PBXFileReference; fileEncoding = 4; lastKnownFileType = sourcecode.c.h; path = stoneDetailViewController.h; sourceTree = "<group>"; };
		7035D0EE1D9CB873008C1FD1 /* stoneDetailViewController.m */ = {isa = PBXFileReference; fileEncoding = 4; lastKnownFileType = sourcecode.c.objc; path = stoneDetailViewController.m; sourceTree = "<group>"; };
		7035D0F01D9CB886008C1FD1 /* shareViewController.h */ = {isa = PBXFileReference; fileEncoding = 4; lastKnownFileType = sourcecode.c.h; path = shareViewController.h; sourceTree = "<group>"; };
		7035D0F11D9CB886008C1FD1 /* shareViewController.m */ = {isa = PBXFileReference; fileEncoding = 4; lastKnownFileType = sourcecode.c.objc; path = shareViewController.m; sourceTree = "<group>"; };
		7035D0F31D9CB895008C1FD1 /* myCollectionViewController.h */ = {isa = PBXFileReference; fileEncoding = 4; lastKnownFileType = sourcecode.c.h; path = myCollectionViewController.h; sourceTree = "<group>"; };
		7035D0F41D9CB895008C1FD1 /* myCollectionViewController.m */ = {isa = PBXFileReference; fileEncoding = 4; lastKnownFileType = sourcecode.c.objc; path = myCollectionViewController.m; sourceTree = "<group>"; };
		7035D0F91D9CC5FE008C1FD1 /* Podfile */ = {isa = PBXFileReference; fileEncoding = 4; lastKnownFileType = text; path = Podfile; sourceTree = "<group>"; xcLanguageSpecificationIdentifier = xcode.lang.ruby; };
		7035D1001D9E6A05008C1FD1 /* README.md */ = {isa = PBXFileReference; fileEncoding = 4; lastKnownFileType = net.daringfireball.markdown; path = README.md; sourceTree = "<group>"; };
		70415C881DA144150032032B /* detailCell.xib */ = {isa = PBXFileReference; fileEncoding = 4; lastKnownFileType = file.xib; path = detailCell.xib; sourceTree = "<group>"; };
		70415C8A1DA144950032032B /* detailCell.h */ = {isa = PBXFileReference; fileEncoding = 4; lastKnownFileType = sourcecode.c.h; path = detailCell.h; sourceTree = "<group>"; };
		70415C8B1DA144950032032B /* detailCell.m */ = {isa = PBXFileReference; fileEncoding = 4; lastKnownFileType = sourcecode.c.objc; path = detailCell.m; sourceTree = "<group>"; };
		70415C8D1DA147800032032B /* hello.png */ = {isa = PBXFileReference; lastKnownFileType = image.png; path = hello.png; sourceTree = SOURCE_ROOT; };
		A45D141670EC6B2D26CE3425 /* libPods-FASHION.a */ = {isa = PBXFileReference; explicitFileType = archive.ar; includeInIndex = 0; path = "libPods-FASHION.a"; sourceTree = BUILT_PRODUCTS_DIR; };
		C5C03418829274AAA0FE7190 /* Pods-FASHION.release.xcconfig */ = {isa = PBXFileReference; includeInIndex = 1; lastKnownFileType = text.xcconfig; name = "Pods-FASHION.release.xcconfig"; path = "Pods/Target Support Files/Pods-FASHION/Pods-FASHION.release.xcconfig"; sourceTree = "<group>"; };
/* End PBXFileReference section */

/* Begin PBXFrameworksBuildPhase section */
		7035D0B11D9CB3B4008C1FD1 /* Frameworks */ = {
			isa = PBXFrameworksBuildPhase;
			buildActionMask = 2147483647;
			files = (
				281B9D06552888A795346A2B /* libPods-FASHION.a in Frameworks */,
			);
			runOnlyForDeploymentPostprocessing = 0;
		};
		7035D0CA1D9CB3B5008C1FD1 /* Frameworks */ = {
			isa = PBXFrameworksBuildPhase;
			buildActionMask = 2147483647;
			files = (
			);
			runOnlyForDeploymentPostprocessing = 0;
		};
		7035D0D51D9CB3B5008C1FD1 /* Frameworks */ = {
			isa = PBXFrameworksBuildPhase;
			buildActionMask = 2147483647;
			files = (
			);
			runOnlyForDeploymentPostprocessing = 0;
		};
/* End PBXFrameworksBuildPhase section */

/* Begin PBXGroup section */
		7035D0AB1D9CB3B4008C1FD1 = {
			isa = PBXGroup;
			children = (
				7035D1001D9E6A05008C1FD1 /* README.md */,
				7035D0F91D9CC5FE008C1FD1 /* Podfile */,
				7035D0B61D9CB3B4008C1FD1 /* FASHION */,
				7035D0D01D9CB3B5008C1FD1 /* FASHIONTests */,
				7035D0DB1D9CB3B5008C1FD1 /* FASHIONUITests */,
				7035D0B51D9CB3B4008C1FD1 /* Products */,
				D18974A78B087F70809523B5 /* Pods */,
				A34803529D62A1BCF6AD03BD /* Frameworks */,
			);
			sourceTree = "<group>";
		};
		7035D0B51D9CB3B4008C1FD1 /* Products */ = {
			isa = PBXGroup;
			children = (
				7035D0B41D9CB3B4008C1FD1 /* FASHION.app */,
				7035D0CD1D9CB3B5008C1FD1 /* FASHIONTests.xctest */,
				7035D0D81D9CB3B5008C1FD1 /* FASHIONUITests.xctest */,
			);
			name = Products;
			sourceTree = "<group>";
		};
		7035D0B61D9CB3B4008C1FD1 /* FASHION */ = {
			isa = PBXGroup;
			children = (
				7035D0F31D9CB895008C1FD1 /* myCollectionViewController.h */,
				7035D0F41D9CB895008C1FD1 /* myCollectionViewController.m */,
				7035D0F01D9CB886008C1FD1 /* shareViewController.h */,
				7035D0F11D9CB886008C1FD1 /* shareViewController.m */,
				7035D0ED1D9CB873008C1FD1 /* stoneDetailViewController.h */,
				7035D0EE1D9CB873008C1FD1 /* stoneDetailViewController.m */,
				7035D0EA1D9CB849008C1FD1 /* mainMapViewController.h */,
				7035D0EB1D9CB849008C1FD1 /* mainMapViewController.m */,
				7035D0BA1D9CB3B4008C1FD1 /* AppDelegate.h */,
				7035D0BB1D9CB3B4008C1FD1 /* AppDelegate.m */,
				7035D0BD1D9CB3B4008C1FD1 /* ViewController.h */,
				7035D0BE1D9CB3B4008C1FD1 /* ViewController.m */,
				7035D0C01D9CB3B5008C1FD1 /* Main.storyboard */,
				7035D0C31D9CB3B5008C1FD1 /* Assets.xcassets */,
				7035D0C51D9CB3B5008C1FD1 /* LaunchScreen.storyboard */,
				7035D0C81D9CB3B5008C1FD1 /* Info.plist */,
				7035D0B71D9CB3B4008C1FD1 /* Supporting Files */,
			);
			path = FASHION;
			sourceTree = "<group>";
		};
		7035D0B71D9CB3B4008C1FD1 /* Supporting Files */ = {
			isa = PBXGroup;
			children = (
				70415C8D1DA147800032032B /* hello.png */,
				7035D0B81D9CB3B4008C1FD1 /* main.m */,
				70415C881DA144150032032B /* detailCell.xib */,
				70415C8A1DA144950032032B /* detailCell.h */,
				70415C8B1DA144950032032B /* detailCell.m */,
			);
			name = "Supporting Files";
			sourceTree = "<group>";
		};
		7035D0D01D9CB3B5008C1FD1 /* FASHIONTests */ = {
			isa = PBXGroup;
			children = (
				7035D0D11D9CB3B5008C1FD1 /* FASHIONTests.m */,
				7035D0D31D9CB3B5008C1FD1 /* Info.plist */,
			);
			path = FASHIONTests;
			sourceTree = "<group>";
		};
		7035D0DB1D9CB3B5008C1FD1 /* FASHIONUITests */ = {
			isa = PBXGroup;
			children = (
				7035D0DC1D9CB3B5008C1FD1 /* FASHIONUITests.m */,
				7035D0DE1D9CB3B5008C1FD1 /* Info.plist */,
			);
			path = FASHIONUITests;
			sourceTree = "<group>";
		};
		A34803529D62A1BCF6AD03BD /* Frameworks */ = {
			isa = PBXGroup;
			children = (
				A45D141670EC6B2D26CE3425 /* libPods-FASHION.a */,
			);
			name = Frameworks;
			sourceTree = "<group>";
		};
		D18974A78B087F70809523B5 /* Pods */ = {
			isa = PBXGroup;
			children = (
				41C4E07B5FDDD889DE930287 /* Pods-FASHION.debug.xcconfig */,
				C5C03418829274AAA0FE7190 /* Pods-FASHION.release.xcconfig */,
			);
			name = Pods;
			sourceTree = "<group>";
		};
/* End PBXGroup section */

/* Begin PBXNativeTarget section */
		7035D0B31D9CB3B4008C1FD1 /* FASHION */ = {
			isa = PBXNativeTarget;
			buildConfigurationList = 7035D0E11D9CB3B6008C1FD1 /* Build configuration list for PBXNativeTarget "FASHION" */;
			buildPhases = (
				11158F2140F8D96C10D1C63E /* [CP] Check Pods Manifest.lock */,
				7035D0B01D9CB3B4008C1FD1 /* Sources */,
				7035D0B11D9CB3B4008C1FD1 /* Frameworks */,
				7035D0B21D9CB3B4008C1FD1 /* Resources */,
				72EF7591423CF718661281FC /* [CP] Embed Pods Frameworks */,
				F6C7A3C04710FF3A1668A8AC /* [CP] Copy Pods Resources */,
			);
			buildRules = (
			);
			dependencies = (
			);
			name = FASHION;
			productName = FASHION;
			productReference = 7035D0B41D9CB3B4008C1FD1 /* FASHION.app */;
			productType = "com.apple.product-type.application";
		};
		7035D0CC1D9CB3B5008C1FD1 /* FASHIONTests */ = {
			isa = PBXNativeTarget;
			buildConfigurationList = 7035D0E41D9CB3B6008C1FD1 /* Build configuration list for PBXNativeTarget "FASHIONTests" */;
			buildPhases = (
				7035D0C91D9CB3B5008C1FD1 /* Sources */,
				7035D0CA1D9CB3B5008C1FD1 /* Frameworks */,
				7035D0CB1D9CB3B5008C1FD1 /* Resources */,
			);
			buildRules = (
			);
			dependencies = (
				7035D0CF1D9CB3B5008C1FD1 /* PBXTargetDependency */,
			);
			name = FASHIONTests;
			productName = FASHIONTests;
			productReference = 7035D0CD1D9CB3B5008C1FD1 /* FASHIONTests.xctest */;
			productType = "com.apple.product-type.bundle.unit-test";
		};
		7035D0D71D9CB3B5008C1FD1 /* FASHIONUITests */ = {
			isa = PBXNativeTarget;
			buildConfigurationList = 7035D0E71D9CB3B6008C1FD1 /* Build configuration list for PBXNativeTarget "FASHIONUITests" */;
			buildPhases = (
				7035D0D41D9CB3B5008C1FD1 /* Sources */,
				7035D0D51D9CB3B5008C1FD1 /* Frameworks */,
				7035D0D61D9CB3B5008C1FD1 /* Resources */,
			);
			buildRules = (
			);
			dependencies = (
				7035D0DA1D9CB3B5008C1FD1 /* PBXTargetDependency */,
			);
			name = FASHIONUITests;
			productName = FASHIONUITests;
			productReference = 7035D0D81D9CB3B5008C1FD1 /* FASHIONUITests.xctest */;
			productType = "com.apple.product-type.bundle.ui-testing";
		};
/* End PBXNativeTarget section */

/* Begin PBXProject section */
		7035D0AC1D9CB3B4008C1FD1 /* Project object */ = {
			isa = PBXProject;
			attributes = {
				LastUpgradeCheck = 0800;
				ORGANIZATIONNAME = MCLAB;
				TargetAttributes = {
					7035D0B31D9CB3B4008C1FD1 = {
						CreatedOnToolsVersion = 8.0;
						DevelopmentTeam = XW3GGB6ENP;
						ProvisioningStyle = Automatic;
					};
					7035D0CC1D9CB3B5008C1FD1 = {
						CreatedOnToolsVersion = 8.0;
						DevelopmentTeam = XW3GGB6ENP;
						ProvisioningStyle = Automatic;
						TestTargetID = 7035D0B31D9CB3B4008C1FD1;
					};
					7035D0D71D9CB3B5008C1FD1 = {
						CreatedOnToolsVersion = 8.0;
						DevelopmentTeam = XW3GGB6ENP;
						ProvisioningStyle = Automatic;
						TestTargetID = 7035D0B31D9CB3B4008C1FD1;
					};
				};
			};
			buildConfigurationList = 7035D0AF1D9CB3B4008C1FD1 /* Build configuration list for PBXProject "FASHION" */;
			compatibilityVersion = "Xcode 3.2";
			developmentRegion = English;
			hasScannedForEncodings = 0;
			knownRegions = (
				en,
				Base,
			);
			mainGroup = 7035D0AB1D9CB3B4008C1FD1;
			productRefGroup = 7035D0B51D9CB3B4008C1FD1 /* Products */;
			projectDirPath = "";
			projectRoot = "";
			targets = (
				7035D0B31D9CB3B4008C1FD1 /* FASHION */,
				7035D0CC1D9CB3B5008C1FD1 /* FASHIONTests */,
				7035D0D71D9CB3B5008C1FD1 /* FASHIONUITests */,
			);
		};
/* End PBXProject section */

/* Begin PBXResourcesBuildPhase section */
		7035D0B21D9CB3B4008C1FD1 /* Resources */ = {
			isa = PBXResourcesBuildPhase;
			buildActionMask = 2147483647;
			files = (
				7035D0C71D9CB3B5008C1FD1 /* LaunchScreen.storyboard in Resources */,
				7035D0C41D9CB3B5008C1FD1 /* Assets.xcassets in Resources */,
				7035D0FA1D9CC5FE008C1FD1 /* Podfile in Resources */,
				7035D0C21D9CB3B5008C1FD1 /* Main.storyboard in Resources */,
				70415C8E1DA147800032032B /* hello.png in Resources */,
				70415C891DA144150032032B /* detailCell.xib in Resources */,
			);
			runOnlyForDeploymentPostprocessing = 0;
		};
		7035D0CB1D9CB3B5008C1FD1 /* Resources */ = {
			isa = PBXResourcesBuildPhase;
			buildActionMask = 2147483647;
			files = (
			);
			runOnlyForDeploymentPostprocessing = 0;
		};
		7035D0D61D9CB3B5008C1FD1 /* Resources */ = {
			isa = PBXResourcesBuildPhase;
			buildActionMask = 2147483647;
			files = (
			);
			runOnlyForDeploymentPostprocessing = 0;
		};
/* End PBXResourcesBuildPhase section */

/* Begin PBXShellScriptBuildPhase section */
		11158F2140F8D96C10D1C63E /* [CP] Check Pods Manifest.lock */ = {
			isa = PBXShellScriptBuildPhase;
			buildActionMask = 2147483647;
			files = (
			);
			inputPaths = (
			);
			name = "[CP] Check Pods Manifest.lock";
			outputPaths = (
			);
			runOnlyForDeploymentPostprocessing = 0;
			shellPath = /bin/sh;
			shellScript = "diff \"${PODS_ROOT}/../Podfile.lock\" \"${PODS_ROOT}/Manifest.lock\" > /dev/null\nif [[ $? != 0 ]] ; then\n    cat << EOM\nerror: The sandbox is not in sync with the Podfile.lock. Run 'pod install' or update your CocoaPods installation.\nEOM\n    exit 1\nfi\n";
			showEnvVarsInLog = 0;
		};
		72EF7591423CF718661281FC /* [CP] Embed Pods Frameworks */ = {
			isa = PBXShellScriptBuildPhase;
			buildActionMask = 2147483647;
			files = (
			);
			inputPaths = (
			);
			name = "[CP] Embed Pods Frameworks";
			outputPaths = (
			);
			runOnlyForDeploymentPostprocessing = 0;
			shellPath = /bin/sh;
			shellScript = "\"${SRCROOT}/Pods/Target Support Files/Pods-FASHION/Pods-FASHION-frameworks.sh\"\n";
			showEnvVarsInLog = 0;
		};
		F6C7A3C04710FF3A1668A8AC /* [CP] Copy Pods Resources */ = {
			isa = PBXShellScriptBuildPhase;
			buildActionMask = 2147483647;
			files = (
			);
			inputPaths = (
			);
			name = "[CP] Copy Pods Resources";
			outputPaths = (
			);
			runOnlyForDeploymentPostprocessing = 0;
			shellPath = /bin/sh;
			shellScript = "\"${SRCROOT}/Pods/Target Support Files/Pods-FASHION/Pods-FASHION-resources.sh\"\n";
			showEnvVarsInLog = 0;
		};
/* End PBXShellScriptBuildPhase section */

/* Begin PBXSourcesBuildPhase section */
		7035D0B01D9CB3B4008C1FD1 /* Sources */ = {
			isa = PBXSourcesBuildPhase;
			buildActionMask = 2147483647;
			files = (
				70415C8C1DA144950032032B /* detailCell.m in Sources */,
				7035D0F21D9CB886008C1FD1 /* shareViewController.m in Sources */,
				7035D0F51D9CB895008C1FD1 /* myCollectionViewController.m in Sources */,
				7035D0EC1D9CB849008C1FD1 /* mainMapViewController.m in Sources */,
				7035D0EF1D9CB873008C1FD1 /* stoneDetailViewController.m in Sources */,
				7035D0BF1D9CB3B4008C1FD1 /* ViewController.m in Sources */,
				7035D0BC1D9CB3B4008C1FD1 /* AppDelegate.m in Sources */,
				7035D1011D9E6A05008C1FD1 /* README.md in Sources */,
				7035D0B91D9CB3B4008C1FD1 /* main.m in Sources */,
			);
			runOnlyForDeploymentPostprocessing = 0;
		};
		7035D0C91D9CB3B5008C1FD1 /* Sources */ = {
			isa = PBXSourcesBuildPhase;
			buildActionMask = 2147483647;
			files = (
				7035D0D21D9CB3B5008C1FD1 /* FASHIONTests.m in Sources */,
			);
			runOnlyForDeploymentPostprocessing = 0;
		};
		7035D0D41D9CB3B5008C1FD1 /* Sources */ = {
			isa = PBXSourcesBuildPhase;
			buildActionMask = 2147483647;
			files = (
				7035D0DD1D9CB3B5008C1FD1 /* FASHIONUITests.m in Sources */,
			);
			runOnlyForDeploymentPostprocessing = 0;
		};
/* End PBXSourcesBuildPhase section */

/* Begin PBXTargetDependency section */
		7035D0CF1D9CB3B5008C1FD1 /* PBXTargetDependency */ = {
			isa = PBXTargetDependency;
			target = 7035D0B31D9CB3B4008C1FD1 /* FASHION */;
			targetProxy = 7035D0CE1D9CB3B5008C1FD1 /* PBXContainerItemProxy */;
		};
		7035D0DA1D9CB3B5008C1FD1 /* PBXTargetDependency */ = {
			isa = PBXTargetDependency;
			target = 7035D0B31D9CB3B4008C1FD1 /* FASHION */;
			targetProxy = 7035D0D91D9CB3B5008C1FD1 /* PBXContainerItemProxy */;
		};
/* End PBXTargetDependency section */

/* Begin PBXVariantGroup section */
		7035D0C01D9CB3B5008C1FD1 /* Main.storyboard */ = {
			isa = PBXVariantGroup;
			children = (
				7035D0C11D9CB3B5008C1FD1 /* Base */,
			);
			name = Main.storyboard;
			sourceTree = "<group>";
		};
		7035D0C51D9CB3B5008C1FD1 /* LaunchScreen.storyboard */ = {
			isa = PBXVariantGroup;
			children = (
				7035D0C61D9CB3B5008C1FD1 /* Base */,
			);
			name = LaunchScreen.storyboard;
			sourceTree = "<group>";
		};
/* End PBXVariantGroup section */

/* Begin XCBuildConfiguration section */
		7035D0DF1D9CB3B6008C1FD1 /* Debug */ = {
			isa = XCBuildConfiguration;
			buildSettings = {
				ALWAYS_SEARCH_USER_PATHS = NO;
				CLANG_ANALYZER_NONNULL = YES;
				CLANG_CXX_LANGUAGE_STANDARD = "gnu++0x";
				CLANG_CXX_LIBRARY = "libc++";
				CLANG_ENABLE_MODULES = YES;
				CLANG_ENABLE_OBJC_ARC = YES;
				CLANG_WARN_BOOL_CONVERSION = YES;
				CLANG_WARN_CONSTANT_CONVERSION = YES;
				CLANG_WARN_DIRECT_OBJC_ISA_USAGE = YES_ERROR;
				CLANG_WARN_DOCUMENTATION_COMMENTS = YES;
				CLANG_WARN_EMPTY_BODY = YES;
				CLANG_WARN_ENUM_CONVERSION = YES;
				CLANG_WARN_INFINITE_RECURSION = YES;
				CLANG_WARN_INT_CONVERSION = YES;
				CLANG_WARN_OBJC_ROOT_CLASS = YES_ERROR;
				CLANG_WARN_SUSPICIOUS_MOVES = YES;
				CLANG_WARN_UNREACHABLE_CODE = YES;
				CLANG_WARN__DUPLICATE_METHOD_MATCH = YES;
				"CODE_SIGN_IDENTITY[sdk=iphoneos*]" = "iPhone Developer";
				COPY_PHASE_STRIP = NO;
				DEBUG_INFORMATION_FORMAT = dwarf;
				ENABLE_STRICT_OBJC_MSGSEND = YES;
				ENABLE_TESTABILITY = YES;
				GCC_C_LANGUAGE_STANDARD = gnu99;
				GCC_DYNAMIC_NO_PIC = NO;
				GCC_NO_COMMON_BLOCKS = YES;
				GCC_OPTIMIZATION_LEVEL = 0;
				GCC_PREPROCESSOR_DEFINITIONS = (
					"DEBUG=1",
					"$(inherited)",
				);
				GCC_WARN_64_TO_32_BIT_CONVERSION = YES;
				GCC_WARN_ABOUT_RETURN_TYPE = YES_ERROR;
				GCC_WARN_UNDECLARED_SELECTOR = YES;
				GCC_WARN_UNINITIALIZED_AUTOS = YES_AGGRESSIVE;
				GCC_WARN_UNUSED_FUNCTION = YES;
				GCC_WARN_UNUSED_VARIABLE = YES;
				IPHONEOS_DEPLOYMENT_TARGET = 10.0;
				MTL_ENABLE_DEBUG_INFO = YES;
				ONLY_ACTIVE_ARCH = YES;
				SDKROOT = iphoneos;
				TARGETED_DEVICE_FAMILY = "1,2";
			};
			name = Debug;
		};
		7035D0E01D9CB3B6008C1FD1 /* Release */ = {
			isa = XCBuildConfiguration;
			buildSettings = {
				ALWAYS_SEARCH_USER_PATHS = NO;
				CLANG_ANALYZER_NONNULL = YES;
				CLANG_CXX_LANGUAGE_STANDARD = "gnu++0x";
				CLANG_CXX_LIBRARY = "libc++";
				CLANG_ENABLE_MODULES = YES;
				CLANG_ENABLE_OBJC_ARC = YES;
				CLANG_WARN_BOOL_CONVERSION = YES;
				CLANG_WARN_CONSTANT_CONVERSION = YES;
				CLANG_WARN_DIRECT_OBJC_ISA_USAGE = YES_ERROR;
				CLANG_WARN_DOCUMENTATION_COMMENTS = YES;
				CLANG_WARN_EMPTY_BODY = YES;
				CLANG_WARN_ENUM_CONVERSION = YES;
				CLANG_WARN_INFINITE_RECURSION = YES;
				CLANG_WARN_INT_CONVERSION = YES;
				CLANG_WARN_OBJC_ROOT_CLASS = YES_ERROR;
				CLANG_WARN_SUSPICIOUS_MOVES = YES;
				CLANG_WARN_UNREACHABLE_CODE = YES;
				CLANG_WARN__DUPLICATE_METHOD_MATCH = YES;
				"CODE_SIGN_IDENTITY[sdk=iphoneos*]" = "iPhone Developer";
				COPY_PHASE_STRIP = NO;
				DEBUG_INFORMATION_FORMAT = "dwarf-with-dsym";
				ENABLE_NS_ASSERTIONS = NO;
				ENABLE_STRICT_OBJC_MSGSEND = YES;
				GCC_C_LANGUAGE_STANDARD = gnu99;
				GCC_NO_COMMON_BLOCKS = YES;
				GCC_WARN_64_TO_32_BIT_CONVERSION = YES;
				GCC_WARN_ABOUT_RETURN_TYPE = YES_ERROR;
				GCC_WARN_UNDECLARED_SELECTOR = YES;
				GCC_WARN_UNINITIALIZED_AUTOS = YES_AGGRESSIVE;
				GCC_WARN_UNUSED_FUNCTION = YES;
				GCC_WARN_UNUSED_VARIABLE = YES;
				IPHONEOS_DEPLOYMENT_TARGET = 10.0;
				MTL_ENABLE_DEBUG_INFO = NO;
				SDKROOT = iphoneos;
				TARGETED_DEVICE_FAMILY = "1,2";
				VALIDATE_PRODUCT = YES;
			};
			name = Release;
		};
		7035D0E21D9CB3B6008C1FD1 /* Debug */ = {
			isa = XCBuildConfiguration;
			baseConfigurationReference = 41C4E07B5FDDD889DE930287 /* Pods-FASHION.debug.xcconfig */;
			buildSettings = {
				ASSETCATALOG_COMPILER_APPICON_NAME = AppIcon;
				DEVELOPMENT_TEAM = XW3GGB6ENP;
				INFOPLIST_FILE = FASHION/Info.plist;
				IPHONEOS_DEPLOYMENT_TARGET = 9.0;
				LD_RUNPATH_SEARCH_PATHS = "$(inherited) @executable_path/Frameworks";
				PRODUCT_BUNDLE_IDENTIFIER = MCLAB.FASHION;
				PRODUCT_NAME = "$(TARGET_NAME)";
				TARGETED_DEVICE_FAMILY = 1;
			};
			name = Debug;
		};
		7035D0E31D9CB3B6008C1FD1 /* Release */ = {
			isa = XCBuildConfiguration;
			baseConfigurationReference = C5C03418829274AAA0FE7190 /* Pods-FASHION.release.xcconfig */;
			buildSettings = {
				ASSETCATALOG_COMPILER_APPICON_NAME = AppIcon;
				DEVELOPMENT_TEAM = XW3GGB6ENP;
				INFOPLIST_FILE = FASHION/Info.plist;
				IPHONEOS_DEPLOYMENT_TARGET = 9.0;
				LD_RUNPATH_SEARCH_PATHS = "$(inherited) @executable_path/Frameworks";
				PRODUCT_BUNDLE_IDENTIFIER = MCLAB.FASHION;
				PRODUCT_NAME = "$(TARGET_NAME)";
				TARGETED_DEVICE_FAMILY = 1;
			};
			name = Release;
		};
		7035D0E51D9CB3B6008C1FD1 /* Debug */ = {
			isa = XCBuildConfiguration;
			buildSettings = {
				BUNDLE_LOADER = "$(TEST_HOST)";
				DEVELOPMENT_TEAM = XW3GGB6ENP;
				INFOPLIST_FILE = FASHIONTests/Info.plist;
				LD_RUNPATH_SEARCH_PATHS = "$(inherited) @executable_path/Frameworks @loader_path/Frameworks";
				PRODUCT_BUNDLE_IDENTIFIER = MCLAB.FASHIONTests;
				PRODUCT_NAME = "$(TARGET_NAME)";
				TEST_HOST = "$(BUILT_PRODUCTS_DIR)/FASHION.app/FASHION";
			};
			name = Debug;
		};
		7035D0E61D9CB3B6008C1FD1 /* Release */ = {
			isa = XCBuildConfiguration;
			buildSettings = {
				BUNDLE_LOADER = "$(TEST_HOST)";
				DEVELOPMENT_TEAM = XW3GGB6ENP;
				INFOPLIST_FILE = FASHIONTests/Info.plist;
				LD_RUNPATH_SEARCH_PATHS = "$(inherited) @executable_path/Frameworks @loader_path/Frameworks";
				PRODUCT_BUNDLE_IDENTIFIER = MCLAB.FASHIONTests;
				PRODUCT_NAME = "$(TARGET_NAME)";
				TEST_HOST = "$(BUILT_PRODUCTS_DIR)/FASHION.app/FASHION";
			};
			name = Release;
		};
		7035D0E81D9CB3B6008C1FD1 /* Debug */ = {
			isa = XCBuildConfiguration;
			buildSettings = {
				DEVELOPMENT_TEAM = XW3GGB6ENP;
				INFOPLIST_FILE = FASHIONUITests/Info.plist;
				LD_RUNPATH_SEARCH_PATHS = "$(inherited) @executable_path/Frameworks @loader_path/Frameworks";
				PRODUCT_BUNDLE_IDENTIFIER = MCLAB.FASHIONUITests;
				PRODUCT_NAME = "$(TARGET_NAME)";
				TEST_TARGET_NAME = FASHION;
			};
			name = Debug;
		};
		7035D0E91D9CB3B6008C1FD1 /* Release */ = {
			isa = XCBuildConfiguration;
			buildSettings = {
				DEVELOPMENT_TEAM = XW3GGB6ENP;
				INFOPLIST_FILE = FASHIONUITests/Info.plist;
				LD_RUNPATH_SEARCH_PATHS = "$(inherited) @executable_path/Frameworks @loader_path/Frameworks";
				PRODUCT_BUNDLE_IDENTIFIER = MCLAB.FASHIONUITests;
				PRODUCT_NAME = "$(TARGET_NAME)";
				TEST_TARGET_NAME = FASHION;
			};
			name = Release;
		};
/* End XCBuildConfiguration section */

/* Begin XCConfigurationList section */
		7035D0AF1D9CB3B4008C1FD1 /* Build configuration list for PBXProject "FASHION" */ = {
			isa = XCConfigurationList;
			buildConfigurations = (
				7035D0DF1D9CB3B6008C1FD1 /* Debug */,
				7035D0E01D9CB3B6008C1FD1 /* Release */,
			);
			defaultConfigurationIsVisible = 0;
			defaultConfigurationName = Release;
		};
		7035D0E11D9CB3B6008C1FD1 /* Build configuration list for PBXNativeTarget "FASHION" */ = {
			isa = XCConfigurationList;
			buildConfigurations = (
				7035D0E21D9CB3B6008C1FD1 /* Debug */,
				7035D0E31D9CB3B6008C1FD1 /* Release */,
			);
			defaultConfigurationIsVisible = 0;
			defaultConfigurationName = Release;
		};
		7035D0E41D9CB3B6008C1FD1 /* Build configuration list for PBXNativeTarget "FASHIONTests" */ = {
			isa = XCConfigurationList;
			buildConfigurations = (
				7035D0E51D9CB3B6008C1FD1 /* Debug */,
				7035D0E61D9CB3B6008C1FD1 /* Release */,
			);
			defaultConfigurationIsVisible = 0;
			defaultConfigurationName = Release;
		};
		7035D0E71D9CB3B6008C1FD1 /* Build configuration list for PBXNativeTarget "FASHIONUITests" */ = {
			isa = XCConfigurationList;
			buildConfigurations = (
				7035D0E81D9CB3B6008C1FD1 /* Debug */,
				7035D0E91D9CB3B6008C1FD1 /* Release */,
			);
			defaultConfigurationIsVisible = 0;
			defaultConfigurationName = Release;
		};
/* End XCConfigurationList section */
	};
	rootObject = 7035D0AC1D9CB3B4008C1FD1 /* Project object */;
}
